
Microsoft Visual Studio Solution File, Format Version 12.00
# Visual Studio Version 17
VisualStudioVersion = 17.5.33530.505
MinimumVisualStudioVersion = 10.0.40219.1
Project("{FAE04EC0-301F-11D3-BF4B-00C04F79EFBC}") = "Practical-15-Task-1", "Practical-15-Task-1\Practical-15-Task-1.csproj", "{5D5D28ED-B94B-414E-AE18-C0C3DF5039C7}"
EndProject
Global
	GlobalSection(SolutionConfigurationPlatforms) = preSolution
		Debug|Any CPU = Debug|Any CPU
		Release|Any CPU = Release|Any CPU
	EndGlobalSection
	GlobalSection(ProjectConfigurationPlatforms) = postSolution
		{5D5D28ED-B94B-414E-AE18-C0C3DF5039C7}.Debug|Any CPU.ActiveCfg = Debug|Any CPU
		{5D5D28ED-B94B-414E-AE18-C0C3DF5039C7}.Debug|Any CPU.Build.0 = Debug|Any CPU
		{5D5D28ED-B94B-414E-AE18-C0C3DF5039C7}.Release|Any CPU.ActiveCfg = Release|Any CPU
		{5D5D28ED-B94B-414E-AE18-C0C3DF5039C7}.Release|Any CPU.Build.0 = Release|Any CPU
	EndGlobalSection
	GlobalSection(SolutionProperties) = preSolution
		HideSolutionNode = FALSE
	EndGlobalSection
	GlobalSection(ExtensibilityGlobals) = postSolution
		SolutionGuid = {A3A27D39-C102-4232-93A1-AC207B634383}
	EndGlobalSection
EndGlobal
