
Microsoft Visual Studio Solution File, Format Version 12.00
# Visual Studio Version 17
VisualStudioVersion = 17.5.33530.505
MinimumVisualStudioVersion = 10.0.40219.1
Project("{FAE04EC0-301F-11D3-BF4B-00C04F79EFBC}") = "Practical-10", "Practical-10\Practical-10.csproj", "{065E4758-F946-4DCC-B0EC-576B2F7473DC}"
EndProject
Global
	GlobalSection(SolutionConfigurationPlatforms) = preSolution
		Debug|Any CPU = Debug|Any CPU
		Release|Any CPU = Release|Any CPU
	EndGlobalSection
	GlobalSection(ProjectConfigurationPlatforms) = postSolution
		{065E4758-F946-4DCC-B0EC-576B2F7473DC}.Debug|Any CPU.ActiveCfg = Debug|Any CPU
		{065E4758-F946-4DCC-B0EC-576B2F7473DC}.Debug|Any CPU.Build.0 = Debug|Any CPU
		{065E4758-F946-4DCC-B0EC-576B2F7473DC}.Release|Any CPU.ActiveCfg = Release|Any CPU
		{065E4758-F946-4DCC-B0EC-576B2F7473DC}.Release|Any CPU.Build.0 = Release|Any CPU
	EndGlobalSection
	GlobalSection(SolutionProperties) = preSolution
		HideSolutionNode = FALSE
	EndGlobalSection
	GlobalSection(ExtensibilityGlobals) = postSolution
		SolutionGuid = {74B48156-D985-43A6-9C23-0CA2991D2D0D}
	EndGlobalSection
EndGlobal
