
Microsoft Visual Studio Solution File, Format Version 12.00
# Visual Studio Version 17
VisualStudioVersion = 17.5.33530.505
MinimumVisualStudioVersion = 10.0.40219.1
Project("{FAE04EC0-301F-11D3-BF4B-00C04F79EFBC}") = "Practical-13-Task2", "Practical-13-Task2\Practical-13-Task2.csproj", "{D882F466-2913-4336-A8D2-61DF08389B12}"
EndProject
Global
	GlobalSection(SolutionConfigurationPlatforms) = preSolution
		Debug|Any CPU = Debug|Any CPU
		Release|Any CPU = Release|Any CPU
	EndGlobalSection
	GlobalSection(ProjectConfigurationPlatforms) = postSolution
		{D882F466-2913-4336-A8D2-61DF08389B12}.Debug|Any CPU.ActiveCfg = Debug|Any CPU
		{D882F466-2913-4336-A8D2-61DF08389B12}.Debug|Any CPU.Build.0 = Debug|Any CPU
		{D882F466-2913-4336-A8D2-61DF08389B12}.Release|Any CPU.ActiveCfg = Release|Any CPU
		{D882F466-2913-4336-A8D2-61DF08389B12}.Release|Any CPU.Build.0 = Release|Any CPU
	EndGlobalSection
	GlobalSection(SolutionProperties) = preSolution
		HideSolutionNode = FALSE
	EndGlobalSection
	GlobalSection(ExtensibilityGlobals) = postSolution
		SolutionGuid = {AC9914D5-A02E-4F86-A389-0AD6EB5B7652}
	EndGlobalSection
EndGlobal
