
Microsoft Visual Studio Solution File, Format Version 12.00
# Visual Studio Version 17
VisualStudioVersion = 17.5.33530.505
MinimumVisualStudioVersion = 10.0.40219.1
Project("{FAE04EC0-301F-11D3-BF4B-00C04F79EFBC}") = "Practical-11", "Practical-11\Practical-11.csproj", "{D0678DE9-4ECF-495E-9701-47AABBBC48BA}"
EndProject
Global
	GlobalSection(SolutionConfigurationPlatforms) = preSolution
		Debug|Any CPU = Debug|Any CPU
		Release|Any CPU = Release|Any CPU
	EndGlobalSection
	GlobalSection(ProjectConfigurationPlatforms) = postSolution
		{D0678DE9-4ECF-495E-9701-47AABBBC48BA}.Debug|Any CPU.ActiveCfg = Debug|Any CPU
		{D0678DE9-4ECF-495E-9701-47AABBBC48BA}.Debug|Any CPU.Build.0 = Debug|Any CPU
		{D0678DE9-4ECF-495E-9701-47AABBBC48BA}.Release|Any CPU.ActiveCfg = Release|Any CPU
		{D0678DE9-4ECF-495E-9701-47AABBBC48BA}.Release|Any CPU.Build.0 = Release|Any CPU
	EndGlobalSection
	GlobalSection(SolutionProperties) = preSolution
		HideSolutionNode = FALSE
	EndGlobalSection
	GlobalSection(ExtensibilityGlobals) = postSolution
		SolutionGuid = {3C7AEAD8-C776-4F96-A823-88DE63DD58CF}
	EndGlobalSection
EndGlobal
